
Microsoft Visual Studio Solution File, Format Version 12.00
Project("{FAE04EC0-301F-11D3-BF4B-00C04F79EFBC}") = "clinicpro", "clinicpro\clinicpro.csproj", "{B522E198-5DEC-4F38-AD99-35489CCBB937}"
EndProject
Project("{2150E333-8FDC-42A3-9474-1A3956D46DE8}") = "src", "src", "{E8D8A937-021C-4427-A2FB-14733AFE33CA}"
EndProject
Project("{2150E333-8FDC-42A3-9474-1A3956D46DE8}") = "Presentations", "Presentations", "{3A7DD3F3-D043-40BE-A48D-4610DA254C19}"
EndProject
Project("{2150E333-8FDC-42A3-9474-1A3956D46DE8}") = "Infra", "Infra", "{05ACB7CF-0185-4805-9FC2-6E18BB5498E3}"
EndProject
Project("{2150E333-8FDC-42A3-9474-1A3956D46DE8}") = "BuildingBlocks", "BuildingBlocks", "{0814C413-BC03-4468-AF59-58FDD1A6F03C}"
EndProject
Project("{FAE04EC0-301F-11D3-BF4B-00C04F79EFBC}") = "Core.Application", "Core.Application\Core.Application.csproj", "{8F5CEC9A-4C96-42DF-9245-97F80C9B7189}"
EndProject
Project("{FAE04EC0-301F-11D3-BF4B-00C04F79EFBC}") = "Core.Domain", "Core.Domain\Core.Domain.csproj", "{936FE749-0BA2-432D-914B-9A17C041501D}"
EndProject
Project("{FAE04EC0-301F-11D3-BF4B-00C04F79EFBC}") = "Core.RestApi", "Core.RestApi\Core.RestApi.csproj", "{B4EEC71B-7923-42D6-A67A-20C1F307F871}"
EndProject
Project("{FAE04EC0-301F-11D3-BF4B-00C04F79EFBC}") = "Data", "Data\Data.csproj", "{A88F947C-B5AD-4170-BE12-631C5FCEAC4B}"
EndProject
Project("{2150E333-8FDC-42A3-9474-1A3956D46DE8}") = "Receptionist", "Receptionist", "{296A05DA-EBF6-4A9C-A098-CFF590C39249}"
EndProject
Project("{2150E333-8FDC-42A3-9474-1A3956D46DE8}") = "Doctor", "Doctor", "{AC60AC2A-0718-4AD9-AAB8-6F0FF5D02C54}"
EndProject
Project("{2150E333-8FDC-42A3-9474-1A3956D46DE8}") = "Patient", "Patient", "{0CE29B4F-8C7E-4CBB-8030-264189290169}"
EndProject
Project("{FAE04EC0-301F-11D3-BF4B-00C04F79EFBC}") = "Receptionist.Application", "Receptionist.Application\Receptionist.Application.csproj", "{B7859835-6B4E-4F0E-BC55-6FD833094E15}"
EndProject
Project("{FAE04EC0-301F-11D3-BF4B-00C04F79EFBC}") = "Receptionist.Domain", "Receptionist.Domain\Receptionist.Domain.csproj", "{B405744A-8BB3-41C6-9893-526430758E4E}"
EndProject
Project("{FAE04EC0-301F-11D3-BF4B-00C04F79EFBC}") = "Receptionist.RestApi", "Receptionist.RestApi\Receptionist.RestApi.csproj", "{0404410B-1F2C-4420-8B19-8E9B19A61D6C}"
EndProject
Project("{2150E333-8FDC-42A3-9474-1A3956D46DE8}") = "Person", "Person", "{79C160A9-BDE4-4B81-9231-13921100C364}"
EndProject
Project("{FAE04EC0-301F-11D3-BF4B-00C04F79EFBC}") = "Person.Domain", "Person.Domain\Person.Domain.csproj", "{73F87924-683B-4DE9-8522-084EF4417B15}"
EndProject
Project("{FAE04EC0-301F-11D3-BF4B-00C04F79EFBC}") = "Doctor.Application", "Doctor.Application\Doctor.Application.csproj", "{DE2D3BB6-448C-4A54-BAA3-3CF48725E52A}"
EndProject
Project("{FAE04EC0-301F-11D3-BF4B-00C04F79EFBC}") = "Doctor.Domain", "Doctor.Domain\Doctor.Domain.csproj", "{692928EB-1369-4184-9224-2EAB37D10EB5}"
EndProject
Project("{FAE04EC0-301F-11D3-BF4B-00C04F79EFBC}") = "Doctor.RestApi", "Doctor.RestApi\Doctor.RestApi.csproj", "{07D9A6FD-73DE-462A-B068-BCE9FFFBBE75}"
EndProject
Project("{FAE04EC0-301F-11D3-BF4B-00C04F79EFBC}") = "Patient.Application", "Patient.Application\Patient.Application.csproj", "{FAFC975C-0804-4A0C-91B7-D37B8A6A90F5}"
EndProject
Project("{FAE04EC0-301F-11D3-BF4B-00C04F79EFBC}") = "Patient.Domain", "Patient.Domain\Patient.Domain.csproj", "{1F0C7C1E-E4EB-41E0-B969-EEFE988F964D}"
EndProject
Project("{FAE04EC0-301F-11D3-BF4B-00C04F79EFBC}") = "Patient.RestApi", "Patient.RestApi\Patient.RestApi.csproj", "{AD4AF679-291E-4D97-823E-654978530B41}"
EndProject
Project("{2150E333-8FDC-42A3-9474-1A3956D46DE8}") = "Appointment", "Appointment", "{517D3D57-BCFB-4A04-8BEA-01DCF7CAA157}"
EndProject
Project("{FAE04EC0-301F-11D3-BF4B-00C04F79EFBC}") = "Appointment.Application", "Appointment.Application\Appointment.Application.csproj", "{707E4E05-ED57-4A9B-AB81-17B6E43350F6}"
EndProject
Project("{FAE04EC0-301F-11D3-BF4B-00C04F79EFBC}") = "Appointment.Domain", "Appointment.Domain\Appointment.Domain.csproj", "{63320FF8-849B-4D9D-8EC6-7E3948377B78}"
EndProject
Project("{FAE04EC0-301F-11D3-BF4B-00C04F79EFBC}") = "Appointment.RestApi", "Appointment.RestApi\Appointment.RestApi.csproj", "{09263174-5054-4274-825D-D2B87CA79FA3}"
EndProject
Project("{2150E333-8FDC-42A3-9474-1A3956D46DE8}") = "Registration", "Registration", "{F1C0D02D-E46B-4320-8BCD-5EA656901462}"
EndProject
Project("{FAE04EC0-301F-11D3-BF4B-00C04F79EFBC}") = "Registration.Application", "Registration.Application\Registration.Application.csproj", "{7F5FC479-2A4C-455A-8905-85EBD230FCBB}"
EndProject
Project("{FAE04EC0-301F-11D3-BF4B-00C04F79EFBC}") = "Registration.Domain", "Registration.Domain\Registration.Domain.csproj", "{4AAB5C8F-681F-40C8-9F5D-CB10A5BBD69A}"
EndProject
Project("{FAE04EC0-301F-11D3-BF4B-00C04F79EFBC}") = "Registration.RestApi", "Registration.RestApi\Registration.RestApi.csproj", "{F343A11C-EF42-498E-A12A-897E951DE27F}"
EndProject
Project("{2150E333-8FDC-42A3-9474-1A3956D46DE8}") = "ExamResult", "ExamResult", "{9C55E20C-CE4B-4AA2-A428-07BD9BB1ED59}"
EndProject
Project("{FAE04EC0-301F-11D3-BF4B-00C04F79EFBC}") = "ExamResult.Application", "ExamResult.Application\ExamResult.Application.csproj", "{9073FFBD-B358-4FAA-B42A-C2C6F014CA58}"
EndProject
Project("{FAE04EC0-301F-11D3-BF4B-00C04F79EFBC}") = "ExamResult.Domain", "ExamResult.Domain\ExamResult.Domain.csproj", "{66E36476-7AAF-4800-A5E4-D8657815D691}"
EndProject
Project("{FAE04EC0-301F-11D3-BF4B-00C04F79EFBC}") = "ExamResult.RestApi", "ExamResult.RestApi\ExamResult.RestApi.csproj", "{E0ACDD9F-5428-4F53-AA24-3F9135FA367A}"
EndProject
Project("{FAE04EC0-301F-11D3-BF4B-00C04F79EFBC}") = "Person.Application", "Person.Application\Person.Application.csproj", "{0E3D4C69-9F8F-4D17-8AF3-2587DE769B48}"
EndProject
Project("{FAE04EC0-301F-11D3-BF4B-00C04F79EFBC}") = "Person.RestApi", "Person.RestApi\Person.RestApi.csproj", "{5792F7E9-F7A7-4794-8EF0-31CD2197F3D2}"
EndProject
Project("{FAE04EC0-301F-11D3-BF4B-00C04F79EFBC}") = "CrossCutting.DependencyInjection", "CrossCutting.DependencyInjection\CrossCutting.DependencyInjection.csproj", "{B7EBA07F-5C43-412E-A430-856A66F8820E}"
EndProject
Project("{2150E333-8FDC-42A3-9474-1A3956D46DE8}") = "tests", "tests", "{0D095A28-F7D2-4FFD-B6D6-547CEA9B06C1}"
EndProject
Project("{2150E333-8FDC-42A3-9474-1A3956D46DE8}") = "Person", "Person", "{D73B0C0F-2937-4497-AE05-A6EDBD93A760}"
EndProject
Project("{FAE04EC0-301F-11D3-BF4B-00C04F79EFBC}") = "Person.RestApi.UnitTests", "Person.RestApi.UnitTests\Person.RestApi.UnitTests.csproj", "{92E3555E-592A-48CE-B6A3-1DB7CC4483AA}"
EndProject
Global
	GlobalSection(SolutionConfigurationPlatforms) = preSolution
		Debug|Any CPU = Debug|Any CPU
		Release|Any CPU = Release|Any CPU
	EndGlobalSection
	GlobalSection(ProjectConfigurationPlatforms) = postSolution
		{B522E198-5DEC-4F38-AD99-35489CCBB937}.Debug|Any CPU.ActiveCfg = Debug|Any CPU
		{B522E198-5DEC-4F38-AD99-35489CCBB937}.Debug|Any CPU.Build.0 = Debug|Any CPU
		{B522E198-5DEC-4F38-AD99-35489CCBB937}.Release|Any CPU.ActiveCfg = Release|Any CPU
		{B522E198-5DEC-4F38-AD99-35489CCBB937}.Release|Any CPU.Build.0 = Release|Any CPU
		{8F5CEC9A-4C96-42DF-9245-97F80C9B7189}.Debug|Any CPU.ActiveCfg = Debug|Any CPU
		{8F5CEC9A-4C96-42DF-9245-97F80C9B7189}.Debug|Any CPU.Build.0 = Debug|Any CPU
		{8F5CEC9A-4C96-42DF-9245-97F80C9B7189}.Release|Any CPU.ActiveCfg = Release|Any CPU
		{8F5CEC9A-4C96-42DF-9245-97F80C9B7189}.Release|Any CPU.Build.0 = Release|Any CPU
		{936FE749-0BA2-432D-914B-9A17C041501D}.Debug|Any CPU.ActiveCfg = Debug|Any CPU
		{936FE749-0BA2-432D-914B-9A17C041501D}.Debug|Any CPU.Build.0 = Debug|Any CPU
		{936FE749-0BA2-432D-914B-9A17C041501D}.Release|Any CPU.ActiveCfg = Release|Any CPU
		{936FE749-0BA2-432D-914B-9A17C041501D}.Release|Any CPU.Build.0 = Release|Any CPU
		{B4EEC71B-7923-42D6-A67A-20C1F307F871}.Debug|Any CPU.ActiveCfg = Debug|Any CPU
		{B4EEC71B-7923-42D6-A67A-20C1F307F871}.Debug|Any CPU.Build.0 = Debug|Any CPU
		{B4EEC71B-7923-42D6-A67A-20C1F307F871}.Release|Any CPU.ActiveCfg = Release|Any CPU
		{B4EEC71B-7923-42D6-A67A-20C1F307F871}.Release|Any CPU.Build.0 = Release|Any CPU
		{A88F947C-B5AD-4170-BE12-631C5FCEAC4B}.Debug|Any CPU.ActiveCfg = Debug|Any CPU
		{A88F947C-B5AD-4170-BE12-631C5FCEAC4B}.Debug|Any CPU.Build.0 = Debug|Any CPU
		{A88F947C-B5AD-4170-BE12-631C5FCEAC4B}.Release|Any CPU.ActiveCfg = Release|Any CPU
		{A88F947C-B5AD-4170-BE12-631C5FCEAC4B}.Release|Any CPU.Build.0 = Release|Any CPU
		{B7859835-6B4E-4F0E-BC55-6FD833094E15}.Debug|Any CPU.ActiveCfg = Debug|Any CPU
		{B7859835-6B4E-4F0E-BC55-6FD833094E15}.Debug|Any CPU.Build.0 = Debug|Any CPU
		{B7859835-6B4E-4F0E-BC55-6FD833094E15}.Release|Any CPU.ActiveCfg = Release|Any CPU
		{B7859835-6B4E-4F0E-BC55-6FD833094E15}.Release|Any CPU.Build.0 = Release|Any CPU
		{B405744A-8BB3-41C6-9893-526430758E4E}.Debug|Any CPU.ActiveCfg = Debug|Any CPU
		{B405744A-8BB3-41C6-9893-526430758E4E}.Debug|Any CPU.Build.0 = Debug|Any CPU
		{B405744A-8BB3-41C6-9893-526430758E4E}.Release|Any CPU.ActiveCfg = Release|Any CPU
		{B405744A-8BB3-41C6-9893-526430758E4E}.Release|Any CPU.Build.0 = Release|Any CPU
		{0404410B-1F2C-4420-8B19-8E9B19A61D6C}.Debug|Any CPU.ActiveCfg = Debug|Any CPU
		{0404410B-1F2C-4420-8B19-8E9B19A61D6C}.Debug|Any CPU.Build.0 = Debug|Any CPU
		{0404410B-1F2C-4420-8B19-8E9B19A61D6C}.Release|Any CPU.ActiveCfg = Release|Any CPU
		{0404410B-1F2C-4420-8B19-8E9B19A61D6C}.Release|Any CPU.Build.0 = Release|Any CPU
		{73F87924-683B-4DE9-8522-084EF4417B15}.Debug|Any CPU.ActiveCfg = Debug|Any CPU
		{73F87924-683B-4DE9-8522-084EF4417B15}.Debug|Any CPU.Build.0 = Debug|Any CPU
		{73F87924-683B-4DE9-8522-084EF4417B15}.Release|Any CPU.ActiveCfg = Release|Any CPU
		{73F87924-683B-4DE9-8522-084EF4417B15}.Release|Any CPU.Build.0 = Release|Any CPU
		{DE2D3BB6-448C-4A54-BAA3-3CF48725E52A}.Debug|Any CPU.ActiveCfg = Debug|Any CPU
		{DE2D3BB6-448C-4A54-BAA3-3CF48725E52A}.Debug|Any CPU.Build.0 = Debug|Any CPU
		{DE2D3BB6-448C-4A54-BAA3-3CF48725E52A}.Release|Any CPU.ActiveCfg = Release|Any CPU
		{DE2D3BB6-448C-4A54-BAA3-3CF48725E52A}.Release|Any CPU.Build.0 = Release|Any CPU
		{692928EB-1369-4184-9224-2EAB37D10EB5}.Debug|Any CPU.ActiveCfg = Debug|Any CPU
		{692928EB-1369-4184-9224-2EAB37D10EB5}.Debug|Any CPU.Build.0 = Debug|Any CPU
		{692928EB-1369-4184-9224-2EAB37D10EB5}.Release|Any CPU.ActiveCfg = Release|Any CPU
		{692928EB-1369-4184-9224-2EAB37D10EB5}.Release|Any CPU.Build.0 = Release|Any CPU
		{07D9A6FD-73DE-462A-B068-BCE9FFFBBE75}.Debug|Any CPU.ActiveCfg = Debug|Any CPU
		{07D9A6FD-73DE-462A-B068-BCE9FFFBBE75}.Debug|Any CPU.Build.0 = Debug|Any CPU
		{07D9A6FD-73DE-462A-B068-BCE9FFFBBE75}.Release|Any CPU.ActiveCfg = Release|Any CPU
		{07D9A6FD-73DE-462A-B068-BCE9FFFBBE75}.Release|Any CPU.Build.0 = Release|Any CPU
		{FAFC975C-0804-4A0C-91B7-D37B8A6A90F5}.Debug|Any CPU.ActiveCfg = Debug|Any CPU
		{FAFC975C-0804-4A0C-91B7-D37B8A6A90F5}.Debug|Any CPU.Build.0 = Debug|Any CPU
		{FAFC975C-0804-4A0C-91B7-D37B8A6A90F5}.Release|Any CPU.ActiveCfg = Release|Any CPU
		{FAFC975C-0804-4A0C-91B7-D37B8A6A90F5}.Release|Any CPU.Build.0 = Release|Any CPU
		{1F0C7C1E-E4EB-41E0-B969-EEFE988F964D}.Debug|Any CPU.ActiveCfg = Debug|Any CPU
		{1F0C7C1E-E4EB-41E0-B969-EEFE988F964D}.Debug|Any CPU.Build.0 = Debug|Any CPU
		{1F0C7C1E-E4EB-41E0-B969-EEFE988F964D}.Release|Any CPU.ActiveCfg = Release|Any CPU
		{1F0C7C1E-E4EB-41E0-B969-EEFE988F964D}.Release|Any CPU.Build.0 = Release|Any CPU
		{AD4AF679-291E-4D97-823E-654978530B41}.Debug|Any CPU.ActiveCfg = Debug|Any CPU
		{AD4AF679-291E-4D97-823E-654978530B41}.Debug|Any CPU.Build.0 = Debug|Any CPU
		{AD4AF679-291E-4D97-823E-654978530B41}.Release|Any CPU.ActiveCfg = Release|Any CPU
		{AD4AF679-291E-4D97-823E-654978530B41}.Release|Any CPU.Build.0 = Release|Any CPU
		{707E4E05-ED57-4A9B-AB81-17B6E43350F6}.Debug|Any CPU.ActiveCfg = Debug|Any CPU
		{707E4E05-ED57-4A9B-AB81-17B6E43350F6}.Debug|Any CPU.Build.0 = Debug|Any CPU
		{707E4E05-ED57-4A9B-AB81-17B6E43350F6}.Release|Any CPU.ActiveCfg = Release|Any CPU
		{707E4E05-ED57-4A9B-AB81-17B6E43350F6}.Release|Any CPU.Build.0 = Release|Any CPU
		{63320FF8-849B-4D9D-8EC6-7E3948377B78}.Debug|Any CPU.ActiveCfg = Debug|Any CPU
		{63320FF8-849B-4D9D-8EC6-7E3948377B78}.Debug|Any CPU.Build.0 = Debug|Any CPU
		{63320FF8-849B-4D9D-8EC6-7E3948377B78}.Release|Any CPU.ActiveCfg = Release|Any CPU
		{63320FF8-849B-4D9D-8EC6-7E3948377B78}.Release|Any CPU.Build.0 = Release|Any CPU
		{09263174-5054-4274-825D-D2B87CA79FA3}.Debug|Any CPU.ActiveCfg = Debug|Any CPU
		{09263174-5054-4274-825D-D2B87CA79FA3}.Debug|Any CPU.Build.0 = Debug|Any CPU
		{09263174-5054-4274-825D-D2B87CA79FA3}.Release|Any CPU.ActiveCfg = Release|Any CPU
		{09263174-5054-4274-825D-D2B87CA79FA3}.Release|Any CPU.Build.0 = Release|Any CPU
		{7F5FC479-2A4C-455A-8905-85EBD230FCBB}.Debug|Any CPU.ActiveCfg = Debug|Any CPU
		{7F5FC479-2A4C-455A-8905-85EBD230FCBB}.Debug|Any CPU.Build.0 = Debug|Any CPU
		{7F5FC479-2A4C-455A-8905-85EBD230FCBB}.Release|Any CPU.ActiveCfg = Release|Any CPU
		{7F5FC479-2A4C-455A-8905-85EBD230FCBB}.Release|Any CPU.Build.0 = Release|Any CPU
		{4AAB5C8F-681F-40C8-9F5D-CB10A5BBD69A}.Debug|Any CPU.ActiveCfg = Debug|Any CPU
		{4AAB5C8F-681F-40C8-9F5D-CB10A5BBD69A}.Debug|Any CPU.Build.0 = Debug|Any CPU
		{4AAB5C8F-681F-40C8-9F5D-CB10A5BBD69A}.Release|Any CPU.ActiveCfg = Release|Any CPU
		{4AAB5C8F-681F-40C8-9F5D-CB10A5BBD69A}.Release|Any CPU.Build.0 = Release|Any CPU
		{F343A11C-EF42-498E-A12A-897E951DE27F}.Debug|Any CPU.ActiveCfg = Debug|Any CPU
		{F343A11C-EF42-498E-A12A-897E951DE27F}.Debug|Any CPU.Build.0 = Debug|Any CPU
		{F343A11C-EF42-498E-A12A-897E951DE27F}.Release|Any CPU.ActiveCfg = Release|Any CPU
		{F343A11C-EF42-498E-A12A-897E951DE27F}.Release|Any CPU.Build.0 = Release|Any CPU
		{9073FFBD-B358-4FAA-B42A-C2C6F014CA58}.Debug|Any CPU.ActiveCfg = Debug|Any CPU
		{9073FFBD-B358-4FAA-B42A-C2C6F014CA58}.Debug|Any CPU.Build.0 = Debug|Any CPU
		{9073FFBD-B358-4FAA-B42A-C2C6F014CA58}.Release|Any CPU.ActiveCfg = Release|Any CPU
		{9073FFBD-B358-4FAA-B42A-C2C6F014CA58}.Release|Any CPU.Build.0 = Release|Any CPU
		{66E36476-7AAF-4800-A5E4-D8657815D691}.Debug|Any CPU.ActiveCfg = Debug|Any CPU
		{66E36476-7AAF-4800-A5E4-D8657815D691}.Debug|Any CPU.Build.0 = Debug|Any CPU
		{66E36476-7AAF-4800-A5E4-D8657815D691}.Release|Any CPU.ActiveCfg = Release|Any CPU
		{66E36476-7AAF-4800-A5E4-D8657815D691}.Release|Any CPU.Build.0 = Release|Any CPU
		{E0ACDD9F-5428-4F53-AA24-3F9135FA367A}.Debug|Any CPU.ActiveCfg = Debug|Any CPU
		{E0ACDD9F-5428-4F53-AA24-3F9135FA367A}.Debug|Any CPU.Build.0 = Debug|Any CPU
		{E0ACDD9F-5428-4F53-AA24-3F9135FA367A}.Release|Any CPU.ActiveCfg = Release|Any CPU
		{E0ACDD9F-5428-4F53-AA24-3F9135FA367A}.Release|Any CPU.Build.0 = Release|Any CPU
		{0E3D4C69-9F8F-4D17-8AF3-2587DE769B48}.Debug|Any CPU.ActiveCfg = Debug|Any CPU
		{0E3D4C69-9F8F-4D17-8AF3-2587DE769B48}.Debug|Any CPU.Build.0 = Debug|Any CPU
		{0E3D4C69-9F8F-4D17-8AF3-2587DE769B48}.Release|Any CPU.ActiveCfg = Release|Any CPU
		{0E3D4C69-9F8F-4D17-8AF3-2587DE769B48}.Release|Any CPU.Build.0 = Release|Any CPU
		{5792F7E9-F7A7-4794-8EF0-31CD2197F3D2}.Debug|Any CPU.ActiveCfg = Debug|Any CPU
		{5792F7E9-F7A7-4794-8EF0-31CD2197F3D2}.Debug|Any CPU.Build.0 = Debug|Any CPU
		{5792F7E9-F7A7-4794-8EF0-31CD2197F3D2}.Release|Any CPU.ActiveCfg = Release|Any CPU
		{5792F7E9-F7A7-4794-8EF0-31CD2197F3D2}.Release|Any CPU.Build.0 = Release|Any CPU
		{B7EBA07F-5C43-412E-A430-856A66F8820E}.Debug|Any CPU.ActiveCfg = Debug|Any CPU
		{B7EBA07F-5C43-412E-A430-856A66F8820E}.Debug|Any CPU.Build.0 = Debug|Any CPU
		{B7EBA07F-5C43-412E-A430-856A66F8820E}.Release|Any CPU.ActiveCfg = Release|Any CPU
		{B7EBA07F-5C43-412E-A430-856A66F8820E}.Release|Any CPU.Build.0 = Release|Any CPU
		{92E3555E-592A-48CE-B6A3-1DB7CC4483AA}.Debug|Any CPU.ActiveCfg = Debug|Any CPU
		{92E3555E-592A-48CE-B6A3-1DB7CC4483AA}.Debug|Any CPU.Build.0 = Debug|Any CPU
		{92E3555E-592A-48CE-B6A3-1DB7CC4483AA}.Release|Any CPU.ActiveCfg = Release|Any CPU
		{92E3555E-592A-48CE-B6A3-1DB7CC4483AA}.Release|Any CPU.Build.0 = Release|Any CPU
	EndGlobalSection
	GlobalSection(NestedProjects) = preSolution
		{3A7DD3F3-D043-40BE-A48D-4610DA254C19} = {E8D8A937-021C-4427-A2FB-14733AFE33CA}
		{B522E198-5DEC-4F38-AD99-35489CCBB937} = {3A7DD3F3-D043-40BE-A48D-4610DA254C19}
		{05ACB7CF-0185-4805-9FC2-6E18BB5498E3} = {E8D8A937-021C-4427-A2FB-14733AFE33CA}
		{0814C413-BC03-4468-AF59-58FDD1A6F03C} = {E8D8A937-021C-4427-A2FB-14733AFE33CA}
		{8F5CEC9A-4C96-42DF-9245-97F80C9B7189} = {0814C413-BC03-4468-AF59-58FDD1A6F03C}
		{936FE749-0BA2-432D-914B-9A17C041501D} = {0814C413-BC03-4468-AF59-58FDD1A6F03C}
		{B4EEC71B-7923-42D6-A67A-20C1F307F871} = {0814C413-BC03-4468-AF59-58FDD1A6F03C}
		{A88F947C-B5AD-4170-BE12-631C5FCEAC4B} = {05ACB7CF-0185-4805-9FC2-6E18BB5498E3}
		{296A05DA-EBF6-4A9C-A098-CFF590C39249} = {E8D8A937-021C-4427-A2FB-14733AFE33CA}
		{AC60AC2A-0718-4AD9-AAB8-6F0FF5D02C54} = {E8D8A937-021C-4427-A2FB-14733AFE33CA}
		{0CE29B4F-8C7E-4CBB-8030-264189290169} = {E8D8A937-021C-4427-A2FB-14733AFE33CA}
		{B7859835-6B4E-4F0E-BC55-6FD833094E15} = {296A05DA-EBF6-4A9C-A098-CFF590C39249}
		{B405744A-8BB3-41C6-9893-526430758E4E} = {296A05DA-EBF6-4A9C-A098-CFF590C39249}
		{0404410B-1F2C-4420-8B19-8E9B19A61D6C} = {296A05DA-EBF6-4A9C-A098-CFF590C39249}
		{79C160A9-BDE4-4B81-9231-13921100C364} = {E8D8A937-021C-4427-A2FB-14733AFE33CA}
		{73F87924-683B-4DE9-8522-084EF4417B15} = {79C160A9-BDE4-4B81-9231-13921100C364}
		{DE2D3BB6-448C-4A54-BAA3-3CF48725E52A} = {AC60AC2A-0718-4AD9-AAB8-6F0FF5D02C54}
		{692928EB-1369-4184-9224-2EAB37D10EB5} = {AC60AC2A-0718-4AD9-AAB8-6F0FF5D02C54}
		{07D9A6FD-73DE-462A-B068-BCE9FFFBBE75} = {AC60AC2A-0718-4AD9-AAB8-6F0FF5D02C54}
		{FAFC975C-0804-4A0C-91B7-D37B8A6A90F5} = {0CE29B4F-8C7E-4CBB-8030-264189290169}
		{1F0C7C1E-E4EB-41E0-B969-EEFE988F964D} = {0CE29B4F-8C7E-4CBB-8030-264189290169}
		{AD4AF679-291E-4D97-823E-654978530B41} = {0CE29B4F-8C7E-4CBB-8030-264189290169}
		{517D3D57-BCFB-4A04-8BEA-01DCF7CAA157} = {E8D8A937-021C-4427-A2FB-14733AFE33CA}
		{707E4E05-ED57-4A9B-AB81-17B6E43350F6} = {517D3D57-BCFB-4A04-8BEA-01DCF7CAA157}
		{63320FF8-849B-4D9D-8EC6-7E3948377B78} = {517D3D57-BCFB-4A04-8BEA-01DCF7CAA157}
		{09263174-5054-4274-825D-D2B87CA79FA3} = {517D3D57-BCFB-4A04-8BEA-01DCF7CAA157}
		{F1C0D02D-E46B-4320-8BCD-5EA656901462} = {E8D8A937-021C-4427-A2FB-14733AFE33CA}
		{7F5FC479-2A4C-455A-8905-85EBD230FCBB} = {F1C0D02D-E46B-4320-8BCD-5EA656901462}
		{4AAB5C8F-681F-40C8-9F5D-CB10A5BBD69A} = {F1C0D02D-E46B-4320-8BCD-5EA656901462}
		{F343A11C-EF42-498E-A12A-897E951DE27F} = {F1C0D02D-E46B-4320-8BCD-5EA656901462}
		{9C55E20C-CE4B-4AA2-A428-07BD9BB1ED59} = {E8D8A937-021C-4427-A2FB-14733AFE33CA}
		{9073FFBD-B358-4FAA-B42A-C2C6F014CA58} = {9C55E20C-CE4B-4AA2-A428-07BD9BB1ED59}
		{66E36476-7AAF-4800-A5E4-D8657815D691} = {9C55E20C-CE4B-4AA2-A428-07BD9BB1ED59}
		{E0ACDD9F-5428-4F53-AA24-3F9135FA367A} = {9C55E20C-CE4B-4AA2-A428-07BD9BB1ED59}
		{0E3D4C69-9F8F-4D17-8AF3-2587DE769B48} = {79C160A9-BDE4-4B81-9231-13921100C364}
		{5792F7E9-F7A7-4794-8EF0-31CD2197F3D2} = {79C160A9-BDE4-4B81-9231-13921100C364}
		{B7EBA07F-5C43-412E-A430-856A66F8820E} = {05ACB7CF-0185-4805-9FC2-6E18BB5498E3}
		{D73B0C0F-2937-4497-AE05-A6EDBD93A760} = {0D095A28-F7D2-4FFD-B6D6-547CEA9B06C1}
		{92E3555E-592A-48CE-B6A3-1DB7CC4483AA} = {D73B0C0F-2937-4497-AE05-A6EDBD93A760}
	EndGlobalSection
EndGlobal
