Microsoft Visual Studio Solution File, Format Version 12.00
Project("{FAE04EC0-301F-11D3-BF4B-00C04F79EFBC}") = "clinicpro", "src\clinicpro\clinicpro.csproj", "{B522E198-5DEC-4F38-AD99-35489CCBB937}"
EndProject
Project("{2150E333-8FDC-42A3-9474-1A3956D46DE8}") = "src", "src", "{E8D8A937-021C-4427-A2FB-14733AFE33CA}"
EndProject
Project("{2150E333-8FDC-42A3-9474-1A3956D46DE8}") = "Presentations", "Presentations", "{3A7DD3F3-D043-40BE-A48D-4610DA254C19}"
EndProject
Project("{2150E333-8FDC-42A3-9474-1A3956D46DE8}") = "Infra", "Infra", "{05ACB7CF-0185-4805-9FC2-6E18BB5498E3}"
EndProject
Project("{2150E333-8FDC-42A3-9474-1A3956D46DE8}") = "BuildingBlocks", "BuildingBlocks", "{0814C413-BC03-4468-AF59-58FDD1A6F03C}"
EndProject
Project("{FAE04EC0-301F-11D3-BF4B-00C04F79EFBC}") = "Core.Domain", "src\Core.Domain\Core.Domain.csproj", "{936FE749-0BA2-432D-914B-9A17C041501D}"
EndProject
Project("{FAE04EC0-301F-11D3-BF4B-00C04F79EFBC}") = "Data", "src\Data\Data.csproj", "{A88F947C-B5AD-4170-BE12-631C5FCEAC4B}"
EndProject
Project("{2150E333-8FDC-42A3-9474-1A3956D46DE8}") = "Receptionist", "Receptionist", "{296A05DA-EBF6-4A9C-A098-CFF590C39249}"
EndProject
Project("{2150E333-8FDC-42A3-9474-1A3956D46DE8}") = "Doctor", "Doctor", "{AC60AC2A-0718-4AD9-AAB8-6F0FF5D02C54}"
EndProject
Project("{2150E333-8FDC-42A3-9474-1A3956D46DE8}") = "Patient", "Patient", "{0CE29B4F-8C7E-4CBB-8030-264189290169}"
EndProject
Project("{FAE04EC0-301F-11D3-BF4B-00C04F79EFBC}") = "Receptionist.Domain", "src\Receptionist.Domain\Receptionist.Domain.csproj", "{B405744A-8BB3-41C6-9893-526430758E4E}"
EndProject
Project("{2150E333-8FDC-42A3-9474-1A3956D46DE8}") = "Person", "Person", "{79C160A9-BDE4-4B81-9231-13921100C364}"
EndProject
Project("{FAE04EC0-301F-11D3-BF4B-00C04F79EFBC}") = "Person.Domain", "src\Person.Domain\Person.Domain.csproj", "{73F87924-683B-4DE9-8522-084EF4417B15}"
EndProject
Project("{FAE04EC0-301F-11D3-BF4B-00C04F79EFBC}") = "Doctor.Domain", "src\Doctor.Domain\Doctor.Domain.csproj", "{692928EB-1369-4184-9224-2EAB37D10EB5}"
EndProject
Project("{FAE04EC0-301F-11D3-BF4B-00C04F79EFBC}") = "Patient.Domain", "src\Patient.Domain\Patient.Domain.csproj", "{1F0C7C1E-E4EB-41E0-B969-EEFE988F964D}"
EndProject
Project("{2150E333-8FDC-42A3-9474-1A3956D46DE8}") = "Appointment", "Appointment", "{517D3D57-BCFB-4A04-8BEA-01DCF7CAA157}"
EndProject
Project("{FAE04EC0-301F-11D3-BF4B-00C04F79EFBC}") = "Appointment.Domain", "src\Appointment.Domain\Appointment.Domain.csproj", "{63320FF8-849B-4D9D-8EC6-7E3948377B78}"
EndProject
Project("{2150E333-8FDC-42A3-9474-1A3956D46DE8}") = "Registration", "Registration", "{F1C0D02D-E46B-4320-8BCD-5EA656901462}"
EndProject
Project("{FAE04EC0-301F-11D3-BF4B-00C04F79EFBC}") = "Registration.Domain", "src\Registration.Domain\Registration.Domain.csproj", "{4AAB5C8F-681F-40C8-9F5D-CB10A5BBD69A}"
EndProject
Project("{2150E333-8FDC-42A3-9474-1A3956D46DE8}") = "ExamResult", "ExamResult", "{9C55E20C-CE4B-4AA2-A428-07BD9BB1ED59}"
EndProject
Project("{FAE04EC0-301F-11D3-BF4B-00C04F79EFBC}") = "ExamResult.Domain", "src\ExamResult.Domain\ExamResult.Domain.csproj", "{66E36476-7AAF-4800-A5E4-D8657815D691}"
EndProject
Project("{FAE04EC0-301F-11D3-BF4B-00C04F79EFBC}") = "Person.Application", "src\Person.Application\Person.Application.csproj", "{0E3D4C69-9F8F-4D17-8AF3-2587DE769B48}"
EndProject
Project("{FAE04EC0-301F-11D3-BF4B-00C04F79EFBC}") = "Person.RestApi", "src\Person.RestApi\Person.RestApi.csproj", "{5792F7E9-F7A7-4794-8EF0-31CD2197F3D2}"
EndProject
Project("{FAE04EC0-301F-11D3-BF4B-00C04F79EFBC}") = "CrossCutting.DependencyInjection", "src\CrossCutting.DependencyInjection\CrossCutting.DependencyInjection.csproj", "{B7EBA07F-5C43-412E-A430-856A66F8820E}"
EndProject
Project("{2150E333-8FDC-42A3-9474-1A3956D46DE8}") = "tests", "tests", "{0D095A28-F7D2-4FFD-B6D6-547CEA9B06C1}"
EndProject
Project("{2150E333-8FDC-42A3-9474-1A3956D46DE8}") = "Person", "Person", "{D73B0C0F-2937-4497-AE05-A6EDBD93A760}"
EndProject
Project("{FAE04EC0-301F-11D3-BF4B-00C04F79EFBC}") = "Person.RestApi.UnitTests", "tests\Person.RestApi.UnitTests\Person.RestApi.UnitTests.csproj", "{92E3555E-592A-48CE-B6A3-1DB7CC4483AA}"
EndProject
Project("{FAE04EC0-301F-11D3-BF4B-00C04F79EFBC}") = "Appointment.Application", "src\Appointment.Application\Appointment.Application.csproj", "{005144FD-45D6-4A11-B5C3-A8CFA7426663}"
EndProject
Project("{FAE04EC0-301F-11D3-BF4B-00C04F79EFBC}") = "Doctor.Application", "src\Doctor.Application\Doctor.Application.csproj", "{BE026043-2011-4567-83CC-1BF76BF53840}"
EndProject
Project("{FAE04EC0-301F-11D3-BF4B-00C04F79EFBC}") = "Doctor.RestApi", "src\Doctor.RestApi\Doctor.RestApi.csproj", "{764DC723-4B3A-4810-B160-C13F4305CE12}"
EndProject
Project("{FAE04EC0-301F-11D3-BF4B-00C04F79EFBC}") = "ExamResult.Application", "src\ExamResult.Application\ExamResult.Application.csproj", "{99335A44-B5EC-4184-86B1-2E56364636F4}"
EndProject
Project("{FAE04EC0-301F-11D3-BF4B-00C04F79EFBC}") = "ExamResult.RestApi", "src\ExamResult.RestApi\ExamResult.RestApi.csproj", "{DF59F029-6DEE-41EA-A886-7EAB8C16AF33}"
EndProject
Project("{FAE04EC0-301F-11D3-BF4B-00C04F79EFBC}") = "Patient.Application", "src\Patient.Application\Patient.Application.csproj", "{3F5DF440-E686-4D73-BB10-C4886FF042DE}"
EndProject
Project("{FAE04EC0-301F-11D3-BF4B-00C04F79EFBC}") = "Patient.RestApi", "src\Patient.RestApi\Patient.RestApi.csproj", "{EE77F66B-D1AF-477F-8B85-FE016A6EBDC0}"
EndProject
Project("{FAE04EC0-301F-11D3-BF4B-00C04F79EFBC}") = "Receptionist.Application", "src\Receptionist.Application\Receptionist.Application.csproj", "{878136C4-1206-4B03-B6BD-E35B0017293F}"
EndProject
Project("{FAE04EC0-301F-11D3-BF4B-00C04F79EFBC}") = "Receptionist.RestApi", "src\Receptionist.RestApi\Receptionist.RestApi.csproj", "{05CDBAE5-09F9-4E8A-A134-2EA2DF651A49}"
EndProject
Project("{FAE04EC0-301F-11D3-BF4B-00C04F79EFBC}") = "Registration.Application", "src\Registration.Application\Registration.Application.csproj", "{FD8B0898-CBC0-4199-9100-3BB1FF8F8E05}"
EndProject
Project("{FAE04EC0-301F-11D3-BF4B-00C04F79EFBC}") = "Registration.RestApi", "src\Registration.RestApi\Registration.RestApi.csproj", "{6CB85D9C-F8E3-4547-A232-F85DE67D54D0}"
EndProject
Project("{FAE04EC0-301F-11D3-BF4B-00C04F79EFBC}") = "Core.RestApi", "src\Core.RestApi\Core.RestApi.csproj", "{28BBB82F-75D3-4CC5-B33C-870B548BE8FB}"
EndProject
Project("{FAE04EC0-301F-11D3-BF4B-00C04F79EFBC}") = "Appointment.RestApi", "src\Appointment.RestApi\Appointment.RestApi.csproj", "{0CEA88B7-07D0-4CF7-BA4A-C13F0804160E}"
EndProject
Global
	GlobalSection(SolutionConfigurationPlatforms) = preSolution
		Debug|Any CPU = Debug|Any CPU
		Release|Any CPU = Release|Any CPU
	EndGlobalSection
	GlobalSection(ProjectConfigurationPlatforms) = postSolution
		{B522E198-5DEC-4F38-AD99-35489CCBB937}.Debug|Any CPU.ActiveCfg = Debug|Any CPU
		{B522E198-5DEC-4F38-AD99-35489CCBB937}.Debug|Any CPU.Build.0 = Debug|Any CPU
		{B522E198-5DEC-4F38-AD99-35489CCBB937}.Release|Any CPU.ActiveCfg = Release|Any CPU
		{B522E198-5DEC-4F38-AD99-35489CCBB937}.Release|Any CPU.Build.0 = Release|Any CPU
		{936FE749-0BA2-432D-914B-9A17C041501D}.Debug|Any CPU.ActiveCfg = Debug|Any CPU
		{936FE749-0BA2-432D-914B-9A17C041501D}.Debug|Any CPU.Build.0 = Debug|Any CPU
		{936FE749-0BA2-432D-914B-9A17C041501D}.Release|Any CPU.ActiveCfg = Release|Any CPU
		{936FE749-0BA2-432D-914B-9A17C041501D}.Release|Any CPU.Build.0 = Release|Any CPU
		{A88F947C-B5AD-4170-BE12-631C5FCEAC4B}.Debug|Any CPU.ActiveCfg = Debug|Any CPU
		{A88F947C-B5AD-4170-BE12-631C5FCEAC4B}.Debug|Any CPU.Build.0 = Debug|Any CPU
		{A88F947C-B5AD-4170-BE12-631C5FCEAC4B}.Release|Any CPU.ActiveCfg = Release|Any CPU
		{A88F947C-B5AD-4170-BE12-631C5FCEAC4B}.Release|Any CPU.Build.0 = Release|Any CPU
		{B405744A-8BB3-41C6-9893-526430758E4E}.Debug|Any CPU.ActiveCfg = Debug|Any CPU
		{B405744A-8BB3-41C6-9893-526430758E4E}.Debug|Any CPU.Build.0 = Debug|Any CPU
		{B405744A-8BB3-41C6-9893-526430758E4E}.Release|Any CPU.ActiveCfg = Release|Any CPU
		{B405744A-8BB3-41C6-9893-526430758E4E}.Release|Any CPU.Build.0 = Release|Any CPU
		{73F87924-683B-4DE9-8522-084EF4417B15}.Debug|Any CPU.ActiveCfg = Debug|Any CPU
		{73F87924-683B-4DE9-8522-084EF4417B15}.Debug|Any CPU.Build.0 = Debug|Any CPU
		{73F87924-683B-4DE9-8522-084EF4417B15}.Release|Any CPU.ActiveCfg = Release|Any CPU
		{73F87924-683B-4DE9-8522-084EF4417B15}.Release|Any CPU.Build.0 = Release|Any CPU
		{692928EB-1369-4184-9224-2EAB37D10EB5}.Debug|Any CPU.ActiveCfg = Debug|Any CPU
		{692928EB-1369-4184-9224-2EAB37D10EB5}.Debug|Any CPU.Build.0 = Debug|Any CPU
		{692928EB-1369-4184-9224-2EAB37D10EB5}.Release|Any CPU.ActiveCfg = Release|Any CPU
		{692928EB-1369-4184-9224-2EAB37D10EB5}.Release|Any CPU.Build.0 = Release|Any CPU
		{1F0C7C1E-E4EB-41E0-B969-EEFE988F964D}.Debug|Any CPU.ActiveCfg = Debug|Any CPU
		{1F0C7C1E-E4EB-41E0-B969-EEFE988F964D}.Debug|Any CPU.Build.0 = Debug|Any CPU
		{1F0C7C1E-E4EB-41E0-B969-EEFE988F964D}.Release|Any CPU.ActiveCfg = Release|Any CPU
		{1F0C7C1E-E4EB-41E0-B969-EEFE988F964D}.Release|Any CPU.Build.0 = Release|Any CPU
		{63320FF8-849B-4D9D-8EC6-7E3948377B78}.Debug|Any CPU.ActiveCfg = Debug|Any CPU
		{63320FF8-849B-4D9D-8EC6-7E3948377B78}.Debug|Any CPU.Build.0 = Debug|Any CPU
		{63320FF8-849B-4D9D-8EC6-7E3948377B78}.Release|Any CPU.ActiveCfg = Release|Any CPU
		{63320FF8-849B-4D9D-8EC6-7E3948377B78}.Release|Any CPU.Build.0 = Release|Any CPU
		{4AAB5C8F-681F-40C8-9F5D-CB10A5BBD69A}.Debug|Any CPU.ActiveCfg = Debug|Any CPU
		{4AAB5C8F-681F-40C8-9F5D-CB10A5BBD69A}.Debug|Any CPU.Build.0 = Debug|Any CPU
		{4AAB5C8F-681F-40C8-9F5D-CB10A5BBD69A}.Release|Any CPU.ActiveCfg = Release|Any CPU
		{4AAB5C8F-681F-40C8-9F5D-CB10A5BBD69A}.Release|Any CPU.Build.0 = Release|Any CPU
		{66E36476-7AAF-4800-A5E4-D8657815D691}.Debug|Any CPU.ActiveCfg = Debug|Any CPU
		{66E36476-7AAF-4800-A5E4-D8657815D691}.Debug|Any CPU.Build.0 = Debug|Any CPU
		{66E36476-7AAF-4800-A5E4-D8657815D691}.Release|Any CPU.ActiveCfg = Release|Any CPU
		{66E36476-7AAF-4800-A5E4-D8657815D691}.Release|Any CPU.Build.0 = Release|Any CPU
		{0E3D4C69-9F8F-4D17-8AF3-2587DE769B48}.Debug|Any CPU.ActiveCfg = Debug|Any CPU
		{0E3D4C69-9F8F-4D17-8AF3-2587DE769B48}.Debug|Any CPU.Build.0 = Debug|Any CPU
		{0E3D4C69-9F8F-4D17-8AF3-2587DE769B48}.Release|Any CPU.ActiveCfg = Release|Any CPU
		{0E3D4C69-9F8F-4D17-8AF3-2587DE769B48}.Release|Any CPU.Build.0 = Release|Any CPU
		{5792F7E9-F7A7-4794-8EF0-31CD2197F3D2}.Debug|Any CPU.ActiveCfg = Debug|Any CPU
		{5792F7E9-F7A7-4794-8EF0-31CD2197F3D2}.Debug|Any CPU.Build.0 = Debug|Any CPU
		{5792F7E9-F7A7-4794-8EF0-31CD2197F3D2}.Release|Any CPU.ActiveCfg = Release|Any CPU
		{5792F7E9-F7A7-4794-8EF0-31CD2197F3D2}.Release|Any CPU.Build.0 = Release|Any CPU
		{B7EBA07F-5C43-412E-A430-856A66F8820E}.Debug|Any CPU.ActiveCfg = Debug|Any CPU
		{B7EBA07F-5C43-412E-A430-856A66F8820E}.Debug|Any CPU.Build.0 = Debug|Any CPU
		{B7EBA07F-5C43-412E-A430-856A66F8820E}.Release|Any CPU.ActiveCfg = Release|Any CPU
		{B7EBA07F-5C43-412E-A430-856A66F8820E}.Release|Any CPU.Build.0 = Release|Any CPU
		{92E3555E-592A-48CE-B6A3-1DB7CC4483AA}.Debug|Any CPU.ActiveCfg = Debug|Any CPU
		{92E3555E-592A-48CE-B6A3-1DB7CC4483AA}.Debug|Any CPU.Build.0 = Debug|Any CPU
		{92E3555E-592A-48CE-B6A3-1DB7CC4483AA}.Release|Any CPU.ActiveCfg = Release|Any CPU
		{92E3555E-592A-48CE-B6A3-1DB7CC4483AA}.Release|Any CPU.Build.0 = Release|Any CPU
		{005144FD-45D6-4A11-B5C3-A8CFA7426663}.Debug|Any CPU.ActiveCfg = Debug|Any CPU
		{005144FD-45D6-4A11-B5C3-A8CFA7426663}.Debug|Any CPU.Build.0 = Debug|Any CPU
		{005144FD-45D6-4A11-B5C3-A8CFA7426663}.Release|Any CPU.ActiveCfg = Release|Any CPU
		{005144FD-45D6-4A11-B5C3-A8CFA7426663}.Release|Any CPU.Build.0 = Release|Any CPU
		{BE026043-2011-4567-83CC-1BF76BF53840}.Debug|Any CPU.ActiveCfg = Debug|Any CPU
		{BE026043-2011-4567-83CC-1BF76BF53840}.Debug|Any CPU.Build.0 = Debug|Any CPU
		{BE026043-2011-4567-83CC-1BF76BF53840}.Release|Any CPU.ActiveCfg = Release|Any CPU
		{BE026043-2011-4567-83CC-1BF76BF53840}.Release|Any CPU.Build.0 = Release|Any CPU
		{764DC723-4B3A-4810-B160-C13F4305CE12}.Debug|Any CPU.ActiveCfg = Debug|Any CPU
		{764DC723-4B3A-4810-B160-C13F4305CE12}.Debug|Any CPU.Build.0 = Debug|Any CPU
		{764DC723-4B3A-4810-B160-C13F4305CE12}.Release|Any CPU.ActiveCfg = Release|Any CPU
		{764DC723-4B3A-4810-B160-C13F4305CE12}.Release|Any CPU.Build.0 = Release|Any CPU
		{99335A44-B5EC-4184-86B1-2E56364636F4}.Debug|Any CPU.ActiveCfg = Debug|Any CPU
		{99335A44-B5EC-4184-86B1-2E56364636F4}.Debug|Any CPU.Build.0 = Debug|Any CPU
		{99335A44-B5EC-4184-86B1-2E56364636F4}.Release|Any CPU.ActiveCfg = Release|Any CPU
		{99335A44-B5EC-4184-86B1-2E56364636F4}.Release|Any CPU.Build.0 = Release|Any CPU
		{DF59F029-6DEE-41EA-A886-7EAB8C16AF33}.Debug|Any CPU.ActiveCfg = Debug|Any CPU
		{DF59F029-6DEE-41EA-A886-7EAB8C16AF33}.Debug|Any CPU.Build.0 = Debug|Any CPU
		{DF59F029-6DEE-41EA-A886-7EAB8C16AF33}.Release|Any CPU.ActiveCfg = Release|Any CPU
		{DF59F029-6DEE-41EA-A886-7EAB8C16AF33}.Release|Any CPU.Build.0 = Release|Any CPU
		{3F5DF440-E686-4D73-BB10-C4886FF042DE}.Debug|Any CPU.ActiveCfg = Debug|Any CPU
		{3F5DF440-E686-4D73-BB10-C4886FF042DE}.Debug|Any CPU.Build.0 = Debug|Any CPU
		{3F5DF440-E686-4D73-BB10-C4886FF042DE}.Release|Any CPU.ActiveCfg = Release|Any CPU
		{3F5DF440-E686-4D73-BB10-C4886FF042DE}.Release|Any CPU.Build.0 = Release|Any CPU
		{EE77F66B-D1AF-477F-8B85-FE016A6EBDC0}.Debug|Any CPU.ActiveCfg = Debug|Any CPU
		{EE77F66B-D1AF-477F-8B85-FE016A6EBDC0}.Debug|Any CPU.Build.0 = Debug|Any CPU
		{EE77F66B-D1AF-477F-8B85-FE016A6EBDC0}.Release|Any CPU.ActiveCfg = Release|Any CPU
		{EE77F66B-D1AF-477F-8B85-FE016A6EBDC0}.Release|Any CPU.Build.0 = Release|Any CPU
		{878136C4-1206-4B03-B6BD-E35B0017293F}.Debug|Any CPU.ActiveCfg = Debug|Any CPU
		{878136C4-1206-4B03-B6BD-E35B0017293F}.Debug|Any CPU.Build.0 = Debug|Any CPU
		{878136C4-1206-4B03-B6BD-E35B0017293F}.Release|Any CPU.ActiveCfg = Release|Any CPU
		{878136C4-1206-4B03-B6BD-E35B0017293F}.Release|Any CPU.Build.0 = Release|Any CPU
		{05CDBAE5-09F9-4E8A-A134-2EA2DF651A49}.Debug|Any CPU.ActiveCfg = Debug|Any CPU
		{05CDBAE5-09F9-4E8A-A134-2EA2DF651A49}.Debug|Any CPU.Build.0 = Debug|Any CPU
		{05CDBAE5-09F9-4E8A-A134-2EA2DF651A49}.Release|Any CPU.ActiveCfg = Release|Any CPU
		{05CDBAE5-09F9-4E8A-A134-2EA2DF651A49}.Release|Any CPU.Build.0 = Release|Any CPU
		{FD8B0898-CBC0-4199-9100-3BB1FF8F8E05}.Debug|Any CPU.ActiveCfg = Debug|Any CPU
		{FD8B0898-CBC0-4199-9100-3BB1FF8F8E05}.Debug|Any CPU.Build.0 = Debug|Any CPU
		{FD8B0898-CBC0-4199-9100-3BB1FF8F8E05}.Release|Any CPU.ActiveCfg = Release|Any CPU
		{FD8B0898-CBC0-4199-9100-3BB1FF8F8E05}.Release|Any CPU.Build.0 = Release|Any CPU
		{6CB85D9C-F8E3-4547-A232-F85DE67D54D0}.Debug|Any CPU.ActiveCfg = Debug|Any CPU
		{6CB85D9C-F8E3-4547-A232-F85DE67D54D0}.Debug|Any CPU.Build.0 = Debug|Any CPU
		{6CB85D9C-F8E3-4547-A232-F85DE67D54D0}.Release|Any CPU.ActiveCfg = Release|Any CPU
		{6CB85D9C-F8E3-4547-A232-F85DE67D54D0}.Release|Any CPU.Build.0 = Release|Any CPU
		{28BBB82F-75D3-4CC5-B33C-870B548BE8FB}.Debug|Any CPU.ActiveCfg = Debug|Any CPU
		{28BBB82F-75D3-4CC5-B33C-870B548BE8FB}.Debug|Any CPU.Build.0 = Debug|Any CPU
		{28BBB82F-75D3-4CC5-B33C-870B548BE8FB}.Release|Any CPU.ActiveCfg = Release|Any CPU
		{28BBB82F-75D3-4CC5-B33C-870B548BE8FB}.Release|Any CPU.Build.0 = Release|Any CPU
		{0CEA88B7-07D0-4CF7-BA4A-C13F0804160E}.Debug|Any CPU.ActiveCfg = Debug|Any CPU
		{0CEA88B7-07D0-4CF7-BA4A-C13F0804160E}.Debug|Any CPU.Build.0 = Debug|Any CPU
		{0CEA88B7-07D0-4CF7-BA4A-C13F0804160E}.Release|Any CPU.ActiveCfg = Release|Any CPU
		{0CEA88B7-07D0-4CF7-BA4A-C13F0804160E}.Release|Any CPU.Build.0 = Release|Any CPU
	EndGlobalSection
	GlobalSection(NestedProjects) = preSolution
		{3A7DD3F3-D043-40BE-A48D-4610DA254C19} = {E8D8A937-021C-4427-A2FB-14733AFE33CA}
		{B522E198-5DEC-4F38-AD99-35489CCBB937} = {3A7DD3F3-D043-40BE-A48D-4610DA254C19}
		{05ACB7CF-0185-4805-9FC2-6E18BB5498E3} = {E8D8A937-021C-4427-A2FB-14733AFE33CA}
		{0814C413-BC03-4468-AF59-58FDD1A6F03C} = {E8D8A937-021C-4427-A2FB-14733AFE33CA}
		{936FE749-0BA2-432D-914B-9A17C041501D} = {0814C413-BC03-4468-AF59-58FDD1A6F03C}
		{A88F947C-B5AD-4170-BE12-631C5FCEAC4B} = {05ACB7CF-0185-4805-9FC2-6E18BB5498E3}
		{296A05DA-EBF6-4A9C-A098-CFF590C39249} = {E8D8A937-021C-4427-A2FB-14733AFE33CA}
		{AC60AC2A-0718-4AD9-AAB8-6F0FF5D02C54} = {E8D8A937-021C-4427-A2FB-14733AFE33CA}
		{0CE29B4F-8C7E-4CBB-8030-264189290169} = {E8D8A937-021C-4427-A2FB-14733AFE33CA}
		{B405744A-8BB3-41C6-9893-526430758E4E} = {296A05DA-EBF6-4A9C-A098-CFF590C39249}
		{79C160A9-BDE4-4B81-9231-13921100C364} = {E8D8A937-021C-4427-A2FB-14733AFE33CA}
		{73F87924-683B-4DE9-8522-084EF4417B15} = {79C160A9-BDE4-4B81-9231-13921100C364}
		{692928EB-1369-4184-9224-2EAB37D10EB5} = {AC60AC2A-0718-4AD9-AAB8-6F0FF5D02C54}
		{1F0C7C1E-E4EB-41E0-B969-EEFE988F964D} = {0CE29B4F-8C7E-4CBB-8030-264189290169}
		{517D3D57-BCFB-4A04-8BEA-01DCF7CAA157} = {E8D8A937-021C-4427-A2FB-14733AFE33CA}
		{63320FF8-849B-4D9D-8EC6-7E3948377B78} = {517D3D57-BCFB-4A04-8BEA-01DCF7CAA157}
		{F1C0D02D-E46B-4320-8BCD-5EA656901462} = {E8D8A937-021C-4427-A2FB-14733AFE33CA}
		{4AAB5C8F-681F-40C8-9F5D-CB10A5BBD69A} = {F1C0D02D-E46B-4320-8BCD-5EA656901462}
		{9C55E20C-CE4B-4AA2-A428-07BD9BB1ED59} = {E8D8A937-021C-4427-A2FB-14733AFE33CA}
		{66E36476-7AAF-4800-A5E4-D8657815D691} = {9C55E20C-CE4B-4AA2-A428-07BD9BB1ED59}
		{0E3D4C69-9F8F-4D17-8AF3-2587DE769B48} = {79C160A9-BDE4-4B81-9231-13921100C364}
		{5792F7E9-F7A7-4794-8EF0-31CD2197F3D2} = {79C160A9-BDE4-4B81-9231-13921100C364}
		{B7EBA07F-5C43-412E-A430-856A66F8820E} = {05ACB7CF-0185-4805-9FC2-6E18BB5498E3}
		{D73B0C0F-2937-4497-AE05-A6EDBD93A760} = {0D095A28-F7D2-4FFD-B6D6-547CEA9B06C1}
		{92E3555E-592A-48CE-B6A3-1DB7CC4483AA} = {D73B0C0F-2937-4497-AE05-A6EDBD93A760}
		{005144FD-45D6-4A11-B5C3-A8CFA7426663} = {517D3D57-BCFB-4A04-8BEA-01DCF7CAA157}
		{BE026043-2011-4567-83CC-1BF76BF53840} = {AC60AC2A-0718-4AD9-AAB8-6F0FF5D02C54}
		{764DC723-4B3A-4810-B160-C13F4305CE12} = {AC60AC2A-0718-4AD9-AAB8-6F0FF5D02C54}
		{99335A44-B5EC-4184-86B1-2E56364636F4} = {9C55E20C-CE4B-4AA2-A428-07BD9BB1ED59}
		{DF59F029-6DEE-41EA-A886-7EAB8C16AF33} = {9C55E20C-CE4B-4AA2-A428-07BD9BB1ED59}
		{3F5DF440-E686-4D73-BB10-C4886FF042DE} = {0CE29B4F-8C7E-4CBB-8030-264189290169}
		{EE77F66B-D1AF-477F-8B85-FE016A6EBDC0} = {0CE29B4F-8C7E-4CBB-8030-264189290169}
		{878136C4-1206-4B03-B6BD-E35B0017293F} = {296A05DA-EBF6-4A9C-A098-CFF590C39249}
		{05CDBAE5-09F9-4E8A-A134-2EA2DF651A49} = {296A05DA-EBF6-4A9C-A098-CFF590C39249}
		{FD8B0898-CBC0-4199-9100-3BB1FF8F8E05} = {F1C0D02D-E46B-4320-8BCD-5EA656901462}
		{6CB85D9C-F8E3-4547-A232-F85DE67D54D0} = {F1C0D02D-E46B-4320-8BCD-5EA656901462}
		{28BBB82F-75D3-4CC5-B33C-870B548BE8FB} = {0814C413-BC03-4468-AF59-58FDD1A6F03C}
		{0CEA88B7-07D0-4CF7-BA4A-C13F0804160E} = {517D3D57-BCFB-4A04-8BEA-01DCF7CAA157}
	EndGlobalSection
EndGlobal
